
Microsoft Visual Studio Solution File, Format Version 12.00
# Visual Studio 15
VisualStudioVersion = 15.0.28010.2016
MinimumVisualStudioVersion = 10.0.40219.1
Project("{FAE04EC0-301F-11D3-BF4B-00C04F79EFBC}") = "Timer", "Timer\Timer.csproj", "{689DC20B-50DE-4BF6-BFBC-F34490292404}"
EndProject
Global
	GlobalSection(SolutionConfigurationPlatforms) = preSolution
		Debug|Any CPU = Debug|Any CPU
		Release|Any CPU = Release|Any CPU
	EndGlobalSection
	GlobalSection(ProjectConfigurationPlatforms) = postSolution
		{689DC20B-50DE-4BF6-BFBC-F34490292404}.Debug|Any CPU.ActiveCfg = Debug|Any CPU
		{689DC20B-50DE-4BF6-BFBC-F34490292404}.Debug|Any CPU.Build.0 = Debug|Any CPU
		{689DC20B-50DE-4BF6-BFBC-F34490292404}.Release|Any CPU.ActiveCfg = Release|Any CPU
		{689DC20B-50DE-4BF6-BFBC-F34490292404}.Release|Any CPU.Build.0 = Release|Any CPU
	EndGlobalSection
	GlobalSection(SolutionProperties) = preSolution
		HideSolutionNode = FALSE
	EndGlobalSection
	GlobalSection(ExtensibilityGlobals) = postSolution
		SolutionGuid = {D2042BFE-CC66-41AA-A5EC-428FC98A6F42}
	EndGlobalSection
EndGlobal
